// !$*UTF8*$!
{
	archiveVersion = 1;
	classes = {
	};
	objectVersion = 48;
	objects = {

/* Begin PBXBuildFile section */
		8591739D1FC4144F00FA5ADB /* LoginViewController.swift in Sources */ = {isa = PBXBuildFile; fileRef = 8591739C1FC4144F00FA5ADB /* LoginViewController.swift */; };
		8591739F1FC4147C00FA5ADB /* SignUpViewController.swift in Sources */ = {isa = PBXBuildFile; fileRef = 8591739E1FC4147C00FA5ADB /* SignUpViewController.swift */; };
		859173A11FC4156800FA5ADB /* GoogleService-Info.plist in Resources */ = {isa = PBXBuildFile; fileRef = 859173A01FC4156800FA5ADB /* GoogleService-Info.plist */; };
		85B85AE21FC4442A00A8F11E /* Utilities.swift in Sources */ = {isa = PBXBuildFile; fileRef = 85B85ADF1FC4442900A8F11E /* Utilities.swift */; };
		85B85AE31FC4442A00A8F11E /* Constants.swift in Sources */ = {isa = PBXBuildFile; fileRef = 85B85AE01FC4442900A8F11E /* Constants.swift */; };
		85B85AE41FC4442A00A8F11E /* FUser.swift in Sources */ = {isa = PBXBuildFile; fileRef = 85B85AE11FC4442900A8F11E /* FUser.swift */; };
		85B85AE61FC44ACA00A8F11E /* ResetPasswordViewController.swift in Sources */ = {isa = PBXBuildFile; fileRef = 85B85AE51FC44ACA00A8F11E /* ResetPasswordViewController.swift */; };
		85C1D8491FC3F146005F1A68 /* AppDelegate.swift in Sources */ = {isa = PBXBuildFile; fileRef = 85C1D8481FC3F146005F1A68 /* AppDelegate.swift */; };
		85C1D84B1FC3F146005F1A68 /* WelcomeVC.swift in Sources */ = {isa = PBXBuildFile; fileRef = 85C1D84A1FC3F146005F1A68 /* WelcomeVC.swift */; };
		85C1D84E1FC3F146005F1A68 /* Main.storyboard in Resources */ = {isa = PBXBuildFile; fileRef = 85C1D84C1FC3F146005F1A68 /* Main.storyboard */; };
		85C1D8501FC3F146005F1A68 /* Assets.xcassets in Resources */ = {isa = PBXBuildFile; fileRef = 85C1D84F1FC3F146005F1A68 /* Assets.xcassets */; };
		85C1D8531FC3F146005F1A68 /* LaunchScreen.storyboard in Resources */ = {isa = PBXBuildFile; fileRef = 85C1D8511FC3F146005F1A68 /* LaunchScreen.storyboard */; };
		85C1D8611FC3F69C005F1A68 /* CustomizableTextfield.swift in Sources */ = {isa = PBXBuildFile; fileRef = 85C1D85B1FC3F69C005F1A68 /* CustomizableTextfield.swift */; };
		85C1D8621FC3F69C005F1A68 /* CustomizableView.swift in Sources */ = {isa = PBXBuildFile; fileRef = 85C1D85C1FC3F69C005F1A68 /* CustomizableView.swift */; };
		85C1D8631FC3F69D005F1A68 /* Swift+Gif.swift in Sources */ = {isa = PBXBuildFile; fileRef = 85C1D85D1FC3F69C005F1A68 /* Swift+Gif.swift */; };
		85C1D8641FC3F69D005F1A68 /* CustomizableButton.swift in Sources */ = {isa = PBXBuildFile; fileRef = 85C1D85E1FC3F69C005F1A68 /* CustomizableButton.swift */; };
		85C1D8651FC3F69D005F1A68 /* CustomizableImageView.swift in Sources */ = {isa = PBXBuildFile; fileRef = 85C1D85F1FC3F69C005F1A68 /* CustomizableImageView.swift */; };
		85C1D8661FC3F69D005F1A68 /* ETRadioButton.swift in Sources */ = {isa = PBXBuildFile; fileRef = 85C1D8601FC3F69C005F1A68 /* ETRadioButton.swift */; };
		85C1D8681FC4048D005F1A68 /* Splash Screen.png in Resources */ = {isa = PBXBuildFile; fileRef = 85C1D8671FC4048D005F1A68 /* Splash Screen.png */; };
		A7BCA5667F6A6A4B07482A40 /* Pods_Native_Cusine.framework in Frameworks */ = {isa = PBXBuildFile; fileRef = 654353D64A9C53627FB419F7 /* Pods_Native_Cusine.framework */; };
/* End PBXBuildFile section */

/* Begin PBXFileReference section */
		37F992F2EF96BAB9438E26F6 /* Pods-Native Cusine.release.xcconfig */ = {isa = PBXFileReference; includeInIndex = 1; lastKnownFileType = text.xcconfig; name = "Pods-Native Cusine.release.xcconfig"; path = "Pods/Target Support Files/Pods-Native Cusine/Pods-Native Cusine.release.xcconfig"; sourceTree = "<group>"; };
		654353D64A9C53627FB419F7 /* Pods_Native_Cusine.framework */ = {isa = PBXFileReference; explicitFileType = wrapper.framework; includeInIndex = 0; path = Pods_Native_Cusine.framework; sourceTree = BUILT_PRODUCTS_DIR; };
		8591739C1FC4144F00FA5ADB /* LoginViewController.swift */ = {isa = PBXFileReference; lastKnownFileType = sourcecode.swift; path = LoginViewController.swift; sourceTree = "<group>"; };
		8591739E1FC4147C00FA5ADB /* SignUpViewController.swift */ = {isa = PBXFileReference; lastKnownFileType = sourcecode.swift; path = SignUpViewController.swift; sourceTree = "<group>"; };
		859173A01FC4156800FA5ADB /* GoogleService-Info.plist */ = {isa = PBXFileReference; fileEncoding = 4; lastKnownFileType = text.plist.xml; path = "GoogleService-Info.plist"; sourceTree = "<group>"; };
		85B85ADF1FC4442900A8F11E /* Utilities.swift */ = {isa = PBXFileReference; fileEncoding = 4; lastKnownFileType = sourcecode.swift; path = Utilities.swift; sourceTree = "<group>"; };
		85B85AE01FC4442900A8F11E /* Constants.swift */ = {isa = PBXFileReference; fileEncoding = 4; lastKnownFileType = sourcecode.swift; path = Constants.swift; sourceTree = "<group>"; };
		85B85AE11FC4442900A8F11E /* FUser.swift */ = {isa = PBXFileReference; fileEncoding = 4; lastKnownFileType = sourcecode.swift; path = FUser.swift; sourceTree = "<group>"; };
		85B85AE51FC44ACA00A8F11E /* ResetPasswordViewController.swift */ = {isa = PBXFileReference; lastKnownFileType = sourcecode.swift; path = ResetPasswordViewController.swift; sourceTree = "<group>"; };
		85C1D8451FC3F146005F1A68 /* Native Cusine.app */ = {isa = PBXFileReference; explicitFileType = wrapper.application; includeInIndex = 0; path = "Native Cusine.app"; sourceTree = BUILT_PRODUCTS_DIR; };
		85C1D8481FC3F146005F1A68 /* AppDelegate.swift */ = {isa = PBXFileReference; lastKnownFileType = sourcecode.swift; path = AppDelegate.swift; sourceTree = "<group>"; };
		85C1D84A1FC3F146005F1A68 /* WelcomeVC.swift */ = {isa = PBXFileReference; lastKnownFileType = sourcecode.swift; path = WelcomeVC.swift; sourceTree = "<group>"; };
		85C1D84D1FC3F146005F1A68 /* Base */ = {isa = PBXFileReference; lastKnownFileType = file.storyboard; name = Base; path = Base.lproj/Main.storyboard; sourceTree = "<group>"; };
		85C1D84F1FC3F146005F1A68 /* Assets.xcassets */ = {isa = PBXFileReference; lastKnownFileType = folder.assetcatalog; path = Assets.xcassets; sourceTree = "<group>"; };
		85C1D8521FC3F146005F1A68 /* Base */ = {isa = PBXFileReference; lastKnownFileType = file.storyboard; name = Base; path = Base.lproj/LaunchScreen.storyboard; sourceTree = "<group>"; };
		85C1D8541FC3F146005F1A68 /* Info.plist */ = {isa = PBXFileReference; lastKnownFileType = text.plist.xml; path = Info.plist; sourceTree = "<group>"; };
		85C1D85B1FC3F69C005F1A68 /* CustomizableTextfield.swift */ = {isa = PBXFileReference; fileEncoding = 4; lastKnownFileType = sourcecode.swift; path = CustomizableTextfield.swift; sourceTree = "<group>"; };
		85C1D85C1FC3F69C005F1A68 /* CustomizableView.swift */ = {isa = PBXFileReference; fileEncoding = 4; lastKnownFileType = sourcecode.swift; path = CustomizableView.swift; sourceTree = "<group>"; };
		85C1D85D1FC3F69C005F1A68 /* Swift+Gif.swift */ = {isa = PBXFileReference; fileEncoding = 4; lastKnownFileType = sourcecode.swift; path = "Swift+Gif.swift"; sourceTree = "<group>"; };
		85C1D85E1FC3F69C005F1A68 /* CustomizableButton.swift */ = {isa = PBXFileReference; fileEncoding = 4; lastKnownFileType = sourcecode.swift; path = CustomizableButton.swift; sourceTree = "<group>"; };
		85C1D85F1FC3F69C005F1A68 /* CustomizableImageView.swift */ = {isa = PBXFileReference; fileEncoding = 4; lastKnownFileType = sourcecode.swift; path = CustomizableImageView.swift; sourceTree = "<group>"; };
		85C1D8601FC3F69C005F1A68 /* ETRadioButton.swift */ = {isa = PBXFileReference; fileEncoding = 4; lastKnownFileType = sourcecode.swift; path = ETRadioButton.swift; sourceTree = "<group>"; };
		85C1D8671FC4048D005F1A68 /* Splash Screen.png */ = {isa = PBXFileReference; lastKnownFileType = image.png; path = "Splash Screen.png"; sourceTree = "<group>"; };
		89216EEBC9A337960A4158E1 /* Pods-Native Cusine.debug.xcconfig */ = {isa = PBXFileReference; includeInIndex = 1; lastKnownFileType = text.xcconfig; name = "Pods-Native Cusine.debug.xcconfig"; path = "Pods/Target Support Files/Pods-Native Cusine/Pods-Native Cusine.debug.xcconfig"; sourceTree = "<group>"; };
/* End PBXFileReference section */

/* Begin PBXFrameworksBuildPhase section */
		85C1D8421FC3F146005F1A68 /* Frameworks */ = {
			isa = PBXFrameworksBuildPhase;
			buildActionMask = 2147483647;
			files = (
				A7BCA5667F6A6A4B07482A40 /* Pods_Native_Cusine.framework in Frameworks */,
			);
			runOnlyForDeploymentPostprocessing = 0;
		};
/* End PBXFrameworksBuildPhase section */

/* Begin PBXGroup section */
		17DDAB39436B750931FFF4CF /* Frameworks */ = {
			isa = PBXGroup;
			children = (
				654353D64A9C53627FB419F7 /* Pods_Native_Cusine.framework */,
			);
			name = Frameworks;
			sourceTree = "<group>";
		};
		7CEA351A15210259405CC878 /* Pods */ = {
			isa = PBXGroup;
			children = (
				89216EEBC9A337960A4158E1 /* Pods-Native Cusine.debug.xcconfig */,
				37F992F2EF96BAB9438E26F6 /* Pods-Native Cusine.release.xcconfig */,
			);
			name = Pods;
			sourceTree = "<group>";
		};
		85B85ADE1FC443FE00A8F11E /* Models */ = {
			isa = PBXGroup;
			children = (
				85B85AE01FC4442900A8F11E /* Constants.swift */,
				85B85AE11FC4442900A8F11E /* FUser.swift */,
				85B85ADF1FC4442900A8F11E /* Utilities.swift */,
			);
			path = Models;
			sourceTree = "<group>";
		};
		85B85AE71FC45BC200A8F11E /* Gateway */ = {
			isa = PBXGroup;
			children = (
				85C1D84A1FC3F146005F1A68 /* WelcomeVC.swift */,
				8591739C1FC4144F00FA5ADB /* LoginViewController.swift */,
				8591739E1FC4147C00FA5ADB /* SignUpViewController.swift */,
				85B85AE51FC44ACA00A8F11E /* ResetPasswordViewController.swift */,
			);
			path = Gateway;
			sourceTree = "<group>";
		};
		85C1D83C1FC3F146005F1A68 = {
			isa = PBXGroup;
			children = (
				85C1D8471FC3F146005F1A68 /* Native Cusine */,
				85C1D8461FC3F146005F1A68 /* Products */,
				7CEA351A15210259405CC878 /* Pods */,
				17DDAB39436B750931FFF4CF /* Frameworks */,
			);
			sourceTree = "<group>";
		};
		85C1D8461FC3F146005F1A68 /* Products */ = {
			isa = PBXGroup;
			children = (
				85C1D8451FC3F146005F1A68 /* Native Cusine.app */,
			);
			name = Products;
			sourceTree = "<group>";
		};
		85C1D8471FC3F146005F1A68 /* Native Cusine */ = {
			isa = PBXGroup;
			children = (
				85B85AE71FC45BC200A8F11E /* Gateway */,
				85B85ADE1FC443FE00A8F11E /* Models */,
				85C1D85A1FC3F672005F1A68 /* Custom */,
				85C1D8481FC3F146005F1A68 /* AppDelegate.swift */,
				85C1D8671FC4048D005F1A68 /* Splash Screen.png */,
				85C1D84C1FC3F146005F1A68 /* Main.storyboard */,
				85C1D84F1FC3F146005F1A68 /* Assets.xcassets */,
				85C1D8511FC3F146005F1A68 /* LaunchScreen.storyboard */,
				85C1D8541FC3F146005F1A68 /* Info.plist */,
				859173A01FC4156800FA5ADB /* GoogleService-Info.plist */,
			);
			path = "Native Cusine";
			sourceTree = "<group>";
		};
		85C1D85A1FC3F672005F1A68 /* Custom */ = {
			isa = PBXGroup;
			children = (
				85C1D85E1FC3F69C005F1A68 /* CustomizableButton.swift */,
				85C1D85F1FC3F69C005F1A68 /* CustomizableImageView.swift */,
				85C1D85B1FC3F69C005F1A68 /* CustomizableTextfield.swift */,
				85C1D85C1FC3F69C005F1A68 /* CustomizableView.swift */,
				85C1D8601FC3F69C005F1A68 /* ETRadioButton.swift */,
				85C1D85D1FC3F69C005F1A68 /* Swift+Gif.swift */,
			);
			path = Custom;
			sourceTree = "<group>";
		};
/* End PBXGroup section */

/* Begin PBXNativeTarget section */
		85C1D8441FC3F146005F1A68 /* Native Cusine */ = {
			isa = PBXNativeTarget;
			buildConfigurationList = 85C1D8571FC3F146005F1A68 /* Build configuration list for PBXNativeTarget "Native Cusine" */;
			buildPhases = (
				96876C119FE364F5FEF5BE7F /* [CP] Check Pods Manifest.lock */,
				85C1D8411FC3F146005F1A68 /* Sources */,
				85C1D8421FC3F146005F1A68 /* Frameworks */,
				85C1D8431FC3F146005F1A68 /* Resources */,
				43C19CEC1D058FA8AE0D0D2C /* [CP] Embed Pods Frameworks */,
				63BFE6F4D754D8367A2745E3 /* [CP] Copy Pods Resources */,
			);
			buildRules = (
			);
			dependencies = (
			);
			name = "Native Cusine";
			productName = "Native Cusine";
			productReference = 85C1D8451FC3F146005F1A68 /* Native Cusine.app */;
			productType = "com.apple.product-type.application";
		};
/* End PBXNativeTarget section */

/* Begin PBXProject section */
		85C1D83D1FC3F146005F1A68 /* Project object */ = {
			isa = PBXProject;
			attributes = {
				LastSwiftUpdateCheck = 0910;
				LastUpgradeCheck = 0910;
				ORGANIZATIONNAME = "Elvis Tapfumanei";
				TargetAttributes = {
					85C1D8441FC3F146005F1A68 = {
						CreatedOnToolsVersion = 9.1;
						ProvisioningStyle = Automatic;
					};
				};
			};
			buildConfigurationList = 85C1D8401FC3F146005F1A68 /* Build configuration list for PBXProject "Native Cusine" */;
			compatibilityVersion = "Xcode 8.0";
			developmentRegion = en;
			hasScannedForEncodings = 0;
			knownRegions = (
				en,
				Base,
			);
			mainGroup = 85C1D83C1FC3F146005F1A68;
			productRefGroup = 85C1D8461FC3F146005F1A68 /* Products */;
			projectDirPath = "";
			projectRoot = "";
			targets = (
				85C1D8441FC3F146005F1A68 /* Native Cusine */,
			);
		};
/* End PBXProject section */

/* Begin PBXResourcesBuildPhase section */
		85C1D8431FC3F146005F1A68 /* Resources */ = {
			isa = PBXResourcesBuildPhase;
			buildActionMask = 2147483647;
			files = (
				85C1D8531FC3F146005F1A68 /* LaunchScreen.storyboard in Resources */,
				85C1D8501FC3F146005F1A68 /* Assets.xcassets in Resources */,
				859173A11FC4156800FA5ADB /* GoogleService-Info.plist in Resources */,
				85C1D84E1FC3F146005F1A68 /* Main.storyboard in Resources */,
				85C1D8681FC4048D005F1A68 /* Splash Screen.png in Resources */,
			);
			runOnlyForDeploymentPostprocessing = 0;
		};
/* End PBXResourcesBuildPhase section */

/* Begin PBXShellScriptBuildPhase section */
		43C19CEC1D058FA8AE0D0D2C /* [CP] Embed Pods Frameworks */ = {
			isa = PBXShellScriptBuildPhase;
			buildActionMask = 2147483647;
			files = (
			);
			inputPaths = (
			);
			name = "[CP] Embed Pods Frameworks";
			outputPaths = (
			);
			runOnlyForDeploymentPostprocessing = 0;
			shellPath = /bin/sh;
			shellScript = "\"${SRCROOT}/Pods/Target Support Files/Pods-Native Cusine/Pods-Native Cusine-frameworks.sh\"\n";
			showEnvVarsInLog = 0;
		};
		63BFE6F4D754D8367A2745E3 /* [CP] Copy Pods Resources */ = {
			isa = PBXShellScriptBuildPhase;
			buildActionMask = 2147483647;
			files = (
			);
			inputPaths = (
			);
			name = "[CP] Copy Pods Resources";
			outputPaths = (
			);
			runOnlyForDeploymentPostprocessing = 0;
			shellPath = /bin/sh;
			shellScript = "\"${SRCROOT}/Pods/Target Support Files/Pods-Native Cusine/Pods-Native Cusine-resources.sh\"\n";
			showEnvVarsInLog = 0;
		};
		96876C119FE364F5FEF5BE7F /* [CP] Check Pods Manifest.lock */ = {
			isa = PBXShellScriptBuildPhase;
			buildActionMask = 2147483647;
			files = (
			);
			inputPaths = (
			);
			name = "[CP] Check Pods Manifest.lock";
			outputPaths = (
			);
			runOnlyForDeploymentPostprocessing = 0;
			shellPath = /bin/sh;
			shellScript = "diff \"${PODS_ROOT}/../Podfile.lock\" \"${PODS_ROOT}/Manifest.lock\" > /dev/null\nif [ $? != 0 ] ; then\n    # print error to STDERR\n    echo \"error: The sandbox is not in sync with the Podfile.lock. Run 'pod install' or update your CocoaPods installation.\" >&2\n    exit 1\nfi\n";
			showEnvVarsInLog = 0;
		};
/* End PBXShellScriptBuildPhase section */

/* Begin PBXSourcesBuildPhase section */
		85C1D8411FC3F146005F1A68 /* Sources */ = {
			isa = PBXSourcesBuildPhase;
			buildActionMask = 2147483647;
			files = (
				8591739D1FC4144F00FA5ADB /* LoginViewController.swift in Sources */,
				85C1D8651FC3F69D005F1A68 /* CustomizableImageView.swift in Sources */,
				85B85AE21FC4442A00A8F11E /* Utilities.swift in Sources */,
				85C1D84B1FC3F146005F1A68 /* WelcomeVC.swift in Sources */,
				85C1D8661FC3F69D005F1A68 /* ETRadioButton.swift in Sources */,
				8591739F1FC4147C00FA5ADB /* SignUpViewController.swift in Sources */,
				85C1D8491FC3F146005F1A68 /* AppDelegate.swift in Sources */,
				85C1D8621FC3F69C005F1A68 /* CustomizableView.swift in Sources */,
				85C1D8611FC3F69C005F1A68 /* CustomizableTextfield.swift in Sources */,
				85C1D8631FC3F69D005F1A68 /* Swift+Gif.swift in Sources */,
				85C1D8641FC3F69D005F1A68 /* CustomizableButton.swift in Sources */,
				85B85AE31FC4442A00A8F11E /* Constants.swift in Sources */,
				85B85AE41FC4442A00A8F11E /* FUser.swift in Sources */,
				85B85AE61FC44ACA00A8F11E /* ResetPasswordViewController.swift in Sources */,
			);
			runOnlyForDeploymentPostprocessing = 0;
		};
/* End PBXSourcesBuildPhase section */

/* Begin PBXVariantGroup section */
		85C1D84C1FC3F146005F1A68 /* Main.storyboard */ = {
			isa = PBXVariantGroup;
			children = (
				85C1D84D1FC3F146005F1A68 /* Base */,
			);
			name = Main.storyboard;
			sourceTree = "<group>";
		};
		85C1D8511FC3F146005F1A68 /* LaunchScreen.storyboard */ = {
			isa = PBXVariantGroup;
			children = (
				85C1D8521FC3F146005F1A68 /* Base */,
			);
			name = LaunchScreen.storyboard;
			sourceTree = "<group>";
		};
/* End PBXVariantGroup section */

/* Begin XCBuildConfiguration section */
		85C1D8551FC3F146005F1A68 /* Debug */ = {
			isa = XCBuildConfiguration;
			buildSettings = {
				ALWAYS_SEARCH_USER_PATHS = NO;
				CLANG_ANALYZER_NONNULL = YES;
				CLANG_ANALYZER_NUMBER_OBJECT_CONVERSION = YES_AGGRESSIVE;
				CLANG_CXX_LANGUAGE_STANDARD = "gnu++14";
				CLANG_CXX_LIBRARY = "libc++";
				CLANG_ENABLE_MODULES = YES;
				CLANG_ENABLE_OBJC_ARC = YES;
				CLANG_WARN_BLOCK_CAPTURE_AUTORELEASING = YES;
				CLANG_WARN_BOOL_CONVERSION = YES;
				CLANG_WARN_COMMA = YES;
				CLANG_WARN_CONSTANT_CONVERSION = YES;
				CLANG_WARN_DIRECT_OBJC_ISA_USAGE = YES_ERROR;
				CLANG_WARN_DOCUMENTATION_COMMENTS = YES;
				CLANG_WARN_EMPTY_BODY = YES;
				CLANG_WARN_ENUM_CONVERSION = YES;
				CLANG_WARN_INFINITE_RECURSION = YES;
				CLANG_WARN_INT_CONVERSION = YES;
				CLANG_WARN_NON_LITERAL_NULL_CONVERSION = YES;
				CLANG_WARN_OBJC_LITERAL_CONVERSION = YES;
				CLANG_WARN_OBJC_ROOT_CLASS = YES_ERROR;
				CLANG_WARN_RANGE_LOOP_ANALYSIS = YES;
				CLANG_WARN_STRICT_PROTOTYPES = YES;
				CLANG_WARN_SUSPICIOUS_MOVE = YES;
				CLANG_WARN_UNGUARDED_AVAILABILITY = YES_AGGRESSIVE;
				CLANG_WARN_UNREACHABLE_CODE = YES;
				CLANG_WARN__DUPLICATE_METHOD_MATCH = YES;
				CODE_SIGN_IDENTITY = "iPhone Developer";
				COPY_PHASE_STRIP = NO;
				DEBUG_INFORMATION_FORMAT = dwarf;
				ENABLE_STRICT_OBJC_MSGSEND = YES;
				ENABLE_TESTABILITY = YES;
				GCC_C_LANGUAGE_STANDARD = gnu11;
				GCC_DYNAMIC_NO_PIC = NO;
				GCC_NO_COMMON_BLOCKS = YES;
				GCC_OPTIMIZATION_LEVEL = 0;
				GCC_PREPROCESSOR_DEFINITIONS = (
					"DEBUG=1",
					"$(inherited)",
				);
				GCC_WARN_64_TO_32_BIT_CONVERSION = YES;
				GCC_WARN_ABOUT_RETURN_TYPE = YES_ERROR;
				GCC_WARN_UNDECLARED_SELECTOR = YES;
				GCC_WARN_UNINITIALIZED_AUTOS = YES_AGGRESSIVE;
				GCC_WARN_UNUSED_FUNCTION = YES;
				GCC_WARN_UNUSED_VARIABLE = YES;
				IPHONEOS_DEPLOYMENT_TARGET = 11.1;
				MTL_ENABLE_DEBUG_INFO = YES;
				ONLY_ACTIVE_ARCH = YES;
				SDKROOT = iphoneos;
				SWIFT_ACTIVE_COMPILATION_CONDITIONS = DEBUG;
				SWIFT_OPTIMIZATION_LEVEL = "-Onone";
			};
			name = Debug;
		};
		85C1D8561FC3F146005F1A68 /* Release */ = {
			isa = XCBuildConfiguration;
			buildSettings = {
				ALWAYS_SEARCH_USER_PATHS = NO;
				CLANG_ANALYZER_NONNULL = YES;
				CLANG_ANALYZER_NUMBER_OBJECT_CONVERSION = YES_AGGRESSIVE;
				CLANG_CXX_LANGUAGE_STANDARD = "gnu++14";
				CLANG_CXX_LIBRARY = "libc++";
				CLANG_ENABLE_MODULES = YES;
				CLANG_ENABLE_OBJC_ARC = YES;
				CLANG_WARN_BLOCK_CAPTURE_AUTORELEASING = YES;
				CLANG_WARN_BOOL_CONVERSION = YES;
				CLANG_WARN_COMMA = YES;
				CLANG_WARN_CONSTANT_CONVERSION = YES;
				CLANG_WARN_DIRECT_OBJC_ISA_USAGE = YES_ERROR;
				CLANG_WARN_DOCUMENTATION_COMMENTS = YES;
				CLANG_WARN_EMPTY_BODY = YES;
				CLANG_WARN_ENUM_CONVERSION = YES;
				CLANG_WARN_INFINITE_RECURSION = YES;
				CLANG_WARN_INT_CONVERSION = YES;
				CLANG_WARN_NON_LITERAL_NULL_CONVERSION = YES;
				CLANG_WARN_OBJC_LITERAL_CONVERSION = YES;
				CLANG_WARN_OBJC_ROOT_CLASS = YES_ERROR;
				CLANG_WARN_RANGE_LOOP_ANALYSIS = YES;
				CLANG_WARN_STRICT_PROTOTYPES = YES;
				CLANG_WARN_SUSPICIOUS_MOVE = YES;
				CLANG_WARN_UNGUARDED_AVAILABILITY = YES_AGGRESSIVE;
				CLANG_WARN_UNREACHABLE_CODE = YES;
				CLANG_WARN__DUPLICATE_METHOD_MATCH = YES;
				CODE_SIGN_IDENTITY = "iPhone Developer";
				COPY_PHASE_STRIP = NO;
				DEBUG_INFORMATION_FORMAT = "dwarf-with-dsym";
				ENABLE_NS_ASSERTIONS = NO;
				ENABLE_STRICT_OBJC_MSGSEND = YES;
				GCC_C_LANGUAGE_STANDARD = gnu11;
				GCC_NO_COMMON_BLOCKS = YES;
				GCC_WARN_64_TO_32_BIT_CONVERSION = YES;
				GCC_WARN_ABOUT_RETURN_TYPE = YES_ERROR;
				GCC_WARN_UNDECLARED_SELECTOR = YES;
				GCC_WARN_UNINITIALIZED_AUTOS = YES_AGGRESSIVE;
				GCC_WARN_UNUSED_FUNCTION = YES;
				GCC_WARN_UNUSED_VARIABLE = YES;
				IPHONEOS_DEPLOYMENT_TARGET = 11.1;
				MTL_ENABLE_DEBUG_INFO = NO;
				SDKROOT = iphoneos;
				SWIFT_OPTIMIZATION_LEVEL = "-Owholemodule";
				VALIDATE_PRODUCT = YES;
			};
			name = Release;
		};
		85C1D8581FC3F146005F1A68 /* Debug */ = {
			isa = XCBuildConfiguration;
			baseConfigurationReference = 89216EEBC9A337960A4158E1 /* Pods-Native Cusine.debug.xcconfig */;
			buildSettings = {
				ASSETCATALOG_COMPILER_APPICON_NAME = AppIcon;
				CODE_SIGN_STYLE = Automatic;
				DEVELOPMENT_TEAM = GUJHFYRL49;
				INFOPLIST_FILE = "Native Cusine/Info.plist";
				LD_RUNPATH_SEARCH_PATHS = "$(inherited) @executable_path/Frameworks";
				PRODUCT_BUNDLE_IDENTIFIER = "com.elmunei.Native-Cusine";
				PRODUCT_NAME = "$(TARGET_NAME)";
				SWIFT_VERSION = 4.0;
				TARGETED_DEVICE_FAMILY = "1,2";
			};
			name = Debug;
		};
		85C1D8591FC3F146005F1A68 /* Release */ = {
			isa = XCBuildConfiguration;
			baseConfigurationReference = 37F992F2EF96BAB9438E26F6 /* Pods-Native Cusine.release.xcconfig */;
			buildSettings = {
				ASSETCATALOG_COMPILER_APPICON_NAME = AppIcon;
				CODE_SIGN_STYLE = Automatic;
				DEVELOPMENT_TEAM = GUJHFYRL49;
				INFOPLIST_FILE = "Native Cusine/Info.plist";
				LD_RUNPATH_SEARCH_PATHS = "$(inherited) @executable_path/Frameworks";
				PRODUCT_BUNDLE_IDENTIFIER = "com.elmunei.Native-Cusine";
				PRODUCT_NAME = "$(TARGET_NAME)";
				SWIFT_VERSION = 4.0;
				TARGETED_DEVICE_FAMILY = "1,2";
			};
			name = Release;
		};
/* End XCBuildConfiguration section */

/* Begin XCConfigurationList section */
		85C1D8401FC3F146005F1A68 /* Build configuration list for PBXProject "Native Cusine" */ = {
			isa = XCConfigurationList;
			buildConfigurations = (
				85C1D8551FC3F146005F1A68 /* Debug */,
				85C1D8561FC3F146005F1A68 /* Release */,
			);
			defaultConfigurationIsVisible = 0;
			defaultConfigurationName = Release;
		};
		85C1D8571FC3F146005F1A68 /* Build configuration list for PBXNativeTarget "Native Cusine" */ = {
			isa = XCConfigurationList;
			buildConfigurations = (
				85C1D8581FC3F146005F1A68 /* Debug */,
				85C1D8591FC3F146005F1A68 /* Release */,
			);
			defaultConfigurationIsVisible = 0;
			defaultConfigurationName = Release;
		};
/* End XCConfigurationList section */
	};
	rootObject = 85C1D83D1FC3F146005F1A68 /* Project object */;
}
